
Microsoft Visual Studio Solution File, Format Version 12.00
# Visual Studio Version 16
VisualStudioVersion = 16.0.29009.5
MinimumVisualStudioVersion = 10.0.40219.1
Project("{FAE04EC0-301F-11D3-BF4B-00C04F79EFBC}") = "F0.Testing.Example", "F0.Testing.Example\F0.Testing.Example.csproj", "{C71B3EDA-E061-458B-83FC-AD9996FBB5E7}"
EndProject
Project("{FAE04EC0-301F-11D3-BF4B-00C04F79EFBC}") = "F0.Testing.Example.xUnit", "F0.Testing.Example.xUnit\F0.Testing.Example.xUnit.csproj", "{8E1457D2-0845-445B-B7C3-5DF0CCBA78C8}"
EndProject
Project("{FAE04EC0-301F-11D3-BF4B-00C04F79EFBC}") = "F0.Testing.Example.NUnit", "F0.Testing.Example.NUnit\F0.Testing.Example.NUnit.csproj", "{AA239867-7E0B-4DB7-A2F3-3D115CFD44DC}"
EndProject
Project("{FAE04EC0-301F-11D3-BF4B-00C04F79EFBC}") = "F0.Testing.Example.MSTest", "F0.Testing.Example.MSTest\F0.Testing.Example.MSTest.csproj", "{3C2BF668-A518-4D00-8E1F-69B50D009F5B}"
EndProject
Global
	GlobalSection(SolutionConfigurationPlatforms) = preSolution
		Debug|Any CPU = Debug|Any CPU
		Release|Any CPU = Release|Any CPU
	EndGlobalSection
	GlobalSection(ProjectConfigurationPlatforms) = postSolution
		{C71B3EDA-E061-458B-83FC-AD9996FBB5E7}.Debug|Any CPU.ActiveCfg = Debug|Any CPU
		{C71B3EDA-E061-458B-83FC-AD9996FBB5E7}.Debug|Any CPU.Build.0 = Debug|Any CPU
		{C71B3EDA-E061-458B-83FC-AD9996FBB5E7}.Release|Any CPU.ActiveCfg = Release|Any CPU
		{C71B3EDA-E061-458B-83FC-AD9996FBB5E7}.Release|Any CPU.Build.0 = Release|Any CPU
		{8E1457D2-0845-445B-B7C3-5DF0CCBA78C8}.Debug|Any CPU.ActiveCfg = Debug|Any CPU
		{8E1457D2-0845-445B-B7C3-5DF0CCBA78C8}.Debug|Any CPU.Build.0 = Debug|Any CPU
		{8E1457D2-0845-445B-B7C3-5DF0CCBA78C8}.Release|Any CPU.ActiveCfg = Release|Any CPU
		{8E1457D2-0845-445B-B7C3-5DF0CCBA78C8}.Release|Any CPU.Build.0 = Release|Any CPU
		{AA239867-7E0B-4DB7-A2F3-3D115CFD44DC}.Debug|Any CPU.ActiveCfg = Debug|Any CPU
		{AA239867-7E0B-4DB7-A2F3-3D115CFD44DC}.Debug|Any CPU.Build.0 = Debug|Any CPU
		{AA239867-7E0B-4DB7-A2F3-3D115CFD44DC}.Release|Any CPU.ActiveCfg = Release|Any CPU
		{AA239867-7E0B-4DB7-A2F3-3D115CFD44DC}.Release|Any CPU.Build.0 = Release|Any CPU
		{3C2BF668-A518-4D00-8E1F-69B50D009F5B}.Debug|Any CPU.ActiveCfg = Debug|Any CPU
		{3C2BF668-A518-4D00-8E1F-69B50D009F5B}.Debug|Any CPU.Build.0 = Debug|Any CPU
		{3C2BF668-A518-4D00-8E1F-69B50D009F5B}.Release|Any CPU.ActiveCfg = Release|Any CPU
		{3C2BF668-A518-4D00-8E1F-69B50D009F5B}.Release|Any CPU.Build.0 = Release|Any CPU
	EndGlobalSection
	GlobalSection(SolutionProperties) = preSolution
		HideSolutionNode = FALSE
	EndGlobalSection
	GlobalSection(ExtensibilityGlobals) = postSolution
		SolutionGuid = {0F242FE3-B5D3-409B-8732-4FBC4B60E4B2}
	EndGlobalSection
EndGlobal
